
Microsoft Visual Studio Solution File, Format Version 12.00
# Visual Studio Version 17
VisualStudioVersion = 17.0.31903.59
MinimumVisualStudioVersion = 10.0.40219.1
Project("{2150E333-8FDC-42A3-9474-1A3956D46DE8}") = "src", "src", "{827E0CD3-B72D-47B6-A68D-7590B98EB39B}"
EndProject
Project("{2150E333-8FDC-42A3-9474-1A3956D46DE8}") = "AuthService", "AuthService", "{2AC20A46-3928-2638-2A2E-83B7FF2AF7AE}"
EndProject
Project("{FAE04EC0-301F-11D3-BF4B-00C04F79EFBC}") = "AuthService.Api", "src\AuthService\AuthService.Api\AuthService.Api.csproj", "{9D54AB48-8C8C-423B-8D67-6F67F806D615}"
EndProject
Project("{FAE04EC0-301F-11D3-BF4B-00C04F79EFBC}") = "AuthService.Application", "src\AuthService\AuthService.Application\AuthService.Application.csproj", "{547CA801-338D-4005-ACBA-B940B285DD46}"
EndProject
Project("{FAE04EC0-301F-11D3-BF4B-00C04F79EFBC}") = "AuthService.Domain", "src\AuthService\AuthService.Domain\AuthService.Domain.csproj", "{DF541D1E-7574-4D78-A145-EF64F9FA8900}"
EndProject
Project("{FAE04EC0-301F-11D3-BF4B-00C04F79EFBC}") = "AuthService.Infrastructure", "src\AuthService\AuthService.Infrastructure\AuthService.Infrastructure.csproj", "{8A6D4BD3-0546-4016-8E78-DA36A8696629}"
EndProject
Project("{FAE04EC0-301F-11D3-BF4B-00C04F79EFBC}") = "AuthService.Tests", "src\AuthService\AuthService.Tests\AuthService.Tests.csproj", "{4D2A1957-4FDC-4F81-A924-00F33342B232}"
EndProject
Project("{2150E333-8FDC-42A3-9474-1A3956D46DE8}") = "SharedService", "SharedService", "{BDFB6C16-EDD8-0555-093A-6E19D3269BE0}"
EndProject
Project("{FAE04EC0-301F-11D3-BF4B-00C04F79EFBC}") = "SharedService.Shared", "src\SharedService\SharedService.Shared\SharedService.Shared.csproj", "{937226C8-194D-46CA-8837-2E5A6E90A02E}"
EndProject
Project("{2150E333-8FDC-42A3-9474-1A3956D46DE8}") = "Solution Items", "Solution Items", "{E58EC3BD-1EF6-4D2A-9062-AF4C42F6E5D6}"
	ProjectSection(SolutionItems) = preProject
		compose.yaml = compose.yaml
	EndProjectSection
EndProject
Project("{2150E333-8FDC-42A3-9474-1A3956D46DE8}") = "StockService", "StockService", "{F34E43FA-627A-8966-7BCB-0DBE3D5440B1}"
EndProject
Project("{FAE04EC0-301F-11D3-BF4B-00C04F79EFBC}") = "StockService.Api", "src\ProductService\StockService.Api\StockService.Api.csproj", "{B504718A-5598-403A-8D1A-1B04DC37F37D}"
EndProject
Project("{FAE04EC0-301F-11D3-BF4B-00C04F79EFBC}") = "StockService.Application", "src\ProductService\StockService.Application\StockService.Application.csproj", "{0F4D2113-E05A-4E71-9C4B-6445A477138D}"
EndProject
Project("{FAE04EC0-301F-11D3-BF4B-00C04F79EFBC}") = "StockService.Domain", "src\ProductService\StockService.Domain\StockService.Domain.csproj", "{D86165FE-60E5-423E-A851-FF892B711577}"
EndProject
Project("{FAE04EC0-301F-11D3-BF4B-00C04F79EFBC}") = "StockService.Infrastructure", "src\ProductService\StockService.Infrastructure\StockService.Infrastructure.csproj", "{B032529D-E764-487C-9681-6BC5566AF495}"
EndProject
Project("{FAE04EC0-301F-11D3-BF4B-00C04F79EFBC}") = "StockService.Tests", "src\ProductService\StockService.Tests\StockService.Tests.csproj", "{6DF3FAB5-CF5F-455E-84DE-DCE95340DFAB}"
EndProject
Global
	GlobalSection(SolutionConfigurationPlatforms) = preSolution
		Debug|Any CPU = Debug|Any CPU
		Debug|x64 = Debug|x64
		Debug|x86 = Debug|x86
		Release|Any CPU = Release|Any CPU
		Release|x64 = Release|x64
		Release|x86 = Release|x86
	EndGlobalSection
	GlobalSection(ProjectConfigurationPlatforms) = postSolution
		{9D54AB48-8C8C-423B-8D67-6F67F806D615}.Debug|Any CPU.ActiveCfg = Debug|Any CPU
		{9D54AB48-8C8C-423B-8D67-6F67F806D615}.Debug|Any CPU.Build.0 = Debug|Any CPU
		{9D54AB48-8C8C-423B-8D67-6F67F806D615}.Debug|x64.ActiveCfg = Debug|Any CPU
		{9D54AB48-8C8C-423B-8D67-6F67F806D615}.Debug|x64.Build.0 = Debug|Any CPU
		{9D54AB48-8C8C-423B-8D67-6F67F806D615}.Debug|x86.ActiveCfg = Debug|Any CPU
		{9D54AB48-8C8C-423B-8D67-6F67F806D615}.Debug|x86.Build.0 = Debug|Any CPU
		{9D54AB48-8C8C-423B-8D67-6F67F806D615}.Release|Any CPU.ActiveCfg = Release|Any CPU
		{9D54AB48-8C8C-423B-8D67-6F67F806D615}.Release|Any CPU.Build.0 = Release|Any CPU
		{9D54AB48-8C8C-423B-8D67-6F67F806D615}.Release|x64.ActiveCfg = Release|Any CPU
		{9D54AB48-8C8C-423B-8D67-6F67F806D615}.Release|x64.Build.0 = Release|Any CPU
		{9D54AB48-8C8C-423B-8D67-6F67F806D615}.Release|x86.ActiveCfg = Release|Any CPU
		{9D54AB48-8C8C-423B-8D67-6F67F806D615}.Release|x86.Build.0 = Release|Any CPU
		{547CA801-338D-4005-ACBA-B940B285DD46}.Debug|Any CPU.ActiveCfg = Debug|Any CPU
		{547CA801-338D-4005-ACBA-B940B285DD46}.Debug|Any CPU.Build.0 = Debug|Any CPU
		{547CA801-338D-4005-ACBA-B940B285DD46}.Debug|x64.ActiveCfg = Debug|Any CPU
		{547CA801-338D-4005-ACBA-B940B285DD46}.Debug|x64.Build.0 = Debug|Any CPU
		{547CA801-338D-4005-ACBA-B940B285DD46}.Debug|x86.ActiveCfg = Debug|Any CPU
		{547CA801-338D-4005-ACBA-B940B285DD46}.Debug|x86.Build.0 = Debug|Any CPU
		{547CA801-338D-4005-ACBA-B940B285DD46}.Release|Any CPU.ActiveCfg = Release|Any CPU
		{547CA801-338D-4005-ACBA-B940B285DD46}.Release|Any CPU.Build.0 = Release|Any CPU
		{547CA801-338D-4005-ACBA-B940B285DD46}.Release|x64.ActiveCfg = Release|Any CPU
		{547CA801-338D-4005-ACBA-B940B285DD46}.Release|x64.Build.0 = Release|Any CPU
		{547CA801-338D-4005-ACBA-B940B285DD46}.Release|x86.ActiveCfg = Release|Any CPU
		{547CA801-338D-4005-ACBA-B940B285DD46}.Release|x86.Build.0 = Release|Any CPU
		{DF541D1E-7574-4D78-A145-EF64F9FA8900}.Debug|Any CPU.ActiveCfg = Debug|Any CPU
		{DF541D1E-7574-4D78-A145-EF64F9FA8900}.Debug|Any CPU.Build.0 = Debug|Any CPU
		{DF541D1E-7574-4D78-A145-EF64F9FA8900}.Debug|x64.ActiveCfg = Debug|Any CPU
		{DF541D1E-7574-4D78-A145-EF64F9FA8900}.Debug|x64.Build.0 = Debug|Any CPU
		{DF541D1E-7574-4D78-A145-EF64F9FA8900}.Debug|x86.ActiveCfg = Debug|Any CPU
		{DF541D1E-7574-4D78-A145-EF64F9FA8900}.Debug|x86.Build.0 = Debug|Any CPU
		{DF541D1E-7574-4D78-A145-EF64F9FA8900}.Release|Any CPU.ActiveCfg = Release|Any CPU
		{DF541D1E-7574-4D78-A145-EF64F9FA8900}.Release|Any CPU.Build.0 = Release|Any CPU
		{DF541D1E-7574-4D78-A145-EF64F9FA8900}.Release|x64.ActiveCfg = Release|Any CPU
		{DF541D1E-7574-4D78-A145-EF64F9FA8900}.Release|x64.Build.0 = Release|Any CPU
		{DF541D1E-7574-4D78-A145-EF64F9FA8900}.Release|x86.ActiveCfg = Release|Any CPU
		{DF541D1E-7574-4D78-A145-EF64F9FA8900}.Release|x86.Build.0 = Release|Any CPU
		{8A6D4BD3-0546-4016-8E78-DA36A8696629}.Debug|Any CPU.ActiveCfg = Debug|Any CPU
		{8A6D4BD3-0546-4016-8E78-DA36A8696629}.Debug|Any CPU.Build.0 = Debug|Any CPU
		{8A6D4BD3-0546-4016-8E78-DA36A8696629}.Debug|x64.ActiveCfg = Debug|Any CPU
		{8A6D4BD3-0546-4016-8E78-DA36A8696629}.Debug|x64.Build.0 = Debug|Any CPU
		{8A6D4BD3-0546-4016-8E78-DA36A8696629}.Debug|x86.ActiveCfg = Debug|Any CPU
		{8A6D4BD3-0546-4016-8E78-DA36A8696629}.Debug|x86.Build.0 = Debug|Any CPU
		{8A6D4BD3-0546-4016-8E78-DA36A8696629}.Release|Any CPU.ActiveCfg = Release|Any CPU
		{8A6D4BD3-0546-4016-8E78-DA36A8696629}.Release|Any CPU.Build.0 = Release|Any CPU
		{8A6D4BD3-0546-4016-8E78-DA36A8696629}.Release|x64.ActiveCfg = Release|Any CPU
		{8A6D4BD3-0546-4016-8E78-DA36A8696629}.Release|x64.Build.0 = Release|Any CPU
		{8A6D4BD3-0546-4016-8E78-DA36A8696629}.Release|x86.ActiveCfg = Release|Any CPU
		{8A6D4BD3-0546-4016-8E78-DA36A8696629}.Release|x86.Build.0 = Release|Any CPU
		{4D2A1957-4FDC-4F81-A924-00F33342B232}.Debug|Any CPU.ActiveCfg = Debug|Any CPU
		{4D2A1957-4FDC-4F81-A924-00F33342B232}.Debug|Any CPU.Build.0 = Debug|Any CPU
		{4D2A1957-4FDC-4F81-A924-00F33342B232}.Debug|x64.ActiveCfg = Debug|Any CPU
		{4D2A1957-4FDC-4F81-A924-00F33342B232}.Debug|x64.Build.0 = Debug|Any CPU
		{4D2A1957-4FDC-4F81-A924-00F33342B232}.Debug|x86.ActiveCfg = Debug|Any CPU
		{4D2A1957-4FDC-4F81-A924-00F33342B232}.Debug|x86.Build.0 = Debug|Any CPU
		{4D2A1957-4FDC-4F81-A924-00F33342B232}.Release|Any CPU.ActiveCfg = Release|Any CPU
		{4D2A1957-4FDC-4F81-A924-00F33342B232}.Release|Any CPU.Build.0 = Release|Any CPU
		{4D2A1957-4FDC-4F81-A924-00F33342B232}.Release|x64.ActiveCfg = Release|Any CPU
		{4D2A1957-4FDC-4F81-A924-00F33342B232}.Release|x64.Build.0 = Release|Any CPU
		{4D2A1957-4FDC-4F81-A924-00F33342B232}.Release|x86.ActiveCfg = Release|Any CPU
		{4D2A1957-4FDC-4F81-A924-00F33342B232}.Release|x86.Build.0 = Release|Any CPU
		{937226C8-194D-46CA-8837-2E5A6E90A02E}.Debug|Any CPU.ActiveCfg = Debug|Any CPU
		{937226C8-194D-46CA-8837-2E5A6E90A02E}.Debug|Any CPU.Build.0 = Debug|Any CPU
		{937226C8-194D-46CA-8837-2E5A6E90A02E}.Debug|x64.ActiveCfg = Debug|Any CPU
		{937226C8-194D-46CA-8837-2E5A6E90A02E}.Debug|x64.Build.0 = Debug|Any CPU
		{937226C8-194D-46CA-8837-2E5A6E90A02E}.Debug|x86.ActiveCfg = Debug|Any CPU
		{937226C8-194D-46CA-8837-2E5A6E90A02E}.Debug|x86.Build.0 = Debug|Any CPU
		{937226C8-194D-46CA-8837-2E5A6E90A02E}.Release|Any CPU.ActiveCfg = Release|Any CPU
		{937226C8-194D-46CA-8837-2E5A6E90A02E}.Release|Any CPU.Build.0 = Release|Any CPU
		{937226C8-194D-46CA-8837-2E5A6E90A02E}.Release|x64.ActiveCfg = Release|Any CPU
		{937226C8-194D-46CA-8837-2E5A6E90A02E}.Release|x64.Build.0 = Release|Any CPU
		{937226C8-194D-46CA-8837-2E5A6E90A02E}.Release|x86.ActiveCfg = Release|Any CPU
		{937226C8-194D-46CA-8837-2E5A6E90A02E}.Release|x86.Build.0 = Release|Any CPU
		{B504718A-5598-403A-8D1A-1B04DC37F37D}.Debug|Any CPU.ActiveCfg = Debug|Any CPU
		{B504718A-5598-403A-8D1A-1B04DC37F37D}.Debug|Any CPU.Build.0 = Debug|Any CPU
		{B504718A-5598-403A-8D1A-1B04DC37F37D}.Debug|x64.ActiveCfg = Debug|Any CPU
		{B504718A-5598-403A-8D1A-1B04DC37F37D}.Debug|x64.Build.0 = Debug|Any CPU
		{B504718A-5598-403A-8D1A-1B04DC37F37D}.Debug|x86.ActiveCfg = Debug|Any CPU
		{B504718A-5598-403A-8D1A-1B04DC37F37D}.Debug|x86.Build.0 = Debug|Any CPU
		{B504718A-5598-403A-8D1A-1B04DC37F37D}.Release|Any CPU.ActiveCfg = Release|Any CPU
		{B504718A-5598-403A-8D1A-1B04DC37F37D}.Release|Any CPU.Build.0 = Release|Any CPU
		{B504718A-5598-403A-8D1A-1B04DC37F37D}.Release|x64.ActiveCfg = Release|Any CPU
		{B504718A-5598-403A-8D1A-1B04DC37F37D}.Release|x64.Build.0 = Release|Any CPU
		{B504718A-5598-403A-8D1A-1B04DC37F37D}.Release|x86.ActiveCfg = Release|Any CPU
		{B504718A-5598-403A-8D1A-1B04DC37F37D}.Release|x86.Build.0 = Release|Any CPU
		{0F4D2113-E05A-4E71-9C4B-6445A477138D}.Debug|Any CPU.ActiveCfg = Debug|Any CPU
		{0F4D2113-E05A-4E71-9C4B-6445A477138D}.Debug|Any CPU.Build.0 = Debug|Any CPU
		{0F4D2113-E05A-4E71-9C4B-6445A477138D}.Debug|x64.ActiveCfg = Debug|Any CPU
		{0F4D2113-E05A-4E71-9C4B-6445A477138D}.Debug|x64.Build.0 = Debug|Any CPU
		{0F4D2113-E05A-4E71-9C4B-6445A477138D}.Debug|x86.ActiveCfg = Debug|Any CPU
		{0F4D2113-E05A-4E71-9C4B-6445A477138D}.Debug|x86.Build.0 = Debug|Any CPU
		{0F4D2113-E05A-4E71-9C4B-6445A477138D}.Release|Any CPU.ActiveCfg = Release|Any CPU
		{0F4D2113-E05A-4E71-9C4B-6445A477138D}.Release|Any CPU.Build.0 = Release|Any CPU
		{0F4D2113-E05A-4E71-9C4B-6445A477138D}.Release|x64.ActiveCfg = Release|Any CPU
		{0F4D2113-E05A-4E71-9C4B-6445A477138D}.Release|x64.Build.0 = Release|Any CPU
		{0F4D2113-E05A-4E71-9C4B-6445A477138D}.Release|x86.ActiveCfg = Release|Any CPU
		{0F4D2113-E05A-4E71-9C4B-6445A477138D}.Release|x86.Build.0 = Release|Any CPU
		{D86165FE-60E5-423E-A851-FF892B711577}.Debug|Any CPU.ActiveCfg = Debug|Any CPU
		{D86165FE-60E5-423E-A851-FF892B711577}.Debug|Any CPU.Build.0 = Debug|Any CPU
		{D86165FE-60E5-423E-A851-FF892B711577}.Debug|x64.ActiveCfg = Debug|Any CPU
		{D86165FE-60E5-423E-A851-FF892B711577}.Debug|x64.Build.0 = Debug|Any CPU
		{D86165FE-60E5-423E-A851-FF892B711577}.Debug|x86.ActiveCfg = Debug|Any CPU
		{D86165FE-60E5-423E-A851-FF892B711577}.Debug|x86.Build.0 = Debug|Any CPU
		{D86165FE-60E5-423E-A851-FF892B711577}.Release|Any CPU.ActiveCfg = Release|Any CPU
		{D86165FE-60E5-423E-A851-FF892B711577}.Release|Any CPU.Build.0 = Release|Any CPU
		{D86165FE-60E5-423E-A851-FF892B711577}.Release|x64.ActiveCfg = Release|Any CPU
		{D86165FE-60E5-423E-A851-FF892B711577}.Release|x64.Build.0 = Release|Any CPU
		{D86165FE-60E5-423E-A851-FF892B711577}.Release|x86.ActiveCfg = Release|Any CPU
		{D86165FE-60E5-423E-A851-FF892B711577}.Release|x86.Build.0 = Release|Any CPU
		{B032529D-E764-487C-9681-6BC5566AF495}.Debug|Any CPU.ActiveCfg = Debug|Any CPU
		{B032529D-E764-487C-9681-6BC5566AF495}.Debug|Any CPU.Build.0 = Debug|Any CPU
		{B032529D-E764-487C-9681-6BC5566AF495}.Debug|x64.ActiveCfg = Debug|Any CPU
		{B032529D-E764-487C-9681-6BC5566AF495}.Debug|x64.Build.0 = Debug|Any CPU
		{B032529D-E764-487C-9681-6BC5566AF495}.Debug|x86.ActiveCfg = Debug|Any CPU
		{B032529D-E764-487C-9681-6BC5566AF495}.Debug|x86.Build.0 = Debug|Any CPU
		{B032529D-E764-487C-9681-6BC5566AF495}.Release|Any CPU.ActiveCfg = Release|Any CPU
		{B032529D-E764-487C-9681-6BC5566AF495}.Release|Any CPU.Build.0 = Release|Any CPU
		{B032529D-E764-487C-9681-6BC5566AF495}.Release|x64.ActiveCfg = Release|Any CPU
		{B032529D-E764-487C-9681-6BC5566AF495}.Release|x64.Build.0 = Release|Any CPU
		{B032529D-E764-487C-9681-6BC5566AF495}.Release|x86.ActiveCfg = Release|Any CPU
		{B032529D-E764-487C-9681-6BC5566AF495}.Release|x86.Build.0 = Release|Any CPU
		{6DF3FAB5-CF5F-455E-84DE-DCE95340DFAB}.Debug|Any CPU.ActiveCfg = Debug|Any CPU
		{6DF3FAB5-CF5F-455E-84DE-DCE95340DFAB}.Debug|Any CPU.Build.0 = Debug|Any CPU
		{6DF3FAB5-CF5F-455E-84DE-DCE95340DFAB}.Debug|x64.ActiveCfg = Debug|Any CPU
		{6DF3FAB5-CF5F-455E-84DE-DCE95340DFAB}.Debug|x64.Build.0 = Debug|Any CPU
		{6DF3FAB5-CF5F-455E-84DE-DCE95340DFAB}.Debug|x86.ActiveCfg = Debug|Any CPU
		{6DF3FAB5-CF5F-455E-84DE-DCE95340DFAB}.Debug|x86.Build.0 = Debug|Any CPU
		{6DF3FAB5-CF5F-455E-84DE-DCE95340DFAB}.Release|Any CPU.ActiveCfg = Release|Any CPU
		{6DF3FAB5-CF5F-455E-84DE-DCE95340DFAB}.Release|Any CPU.Build.0 = Release|Any CPU
		{6DF3FAB5-CF5F-455E-84DE-DCE95340DFAB}.Release|x64.ActiveCfg = Release|Any CPU
		{6DF3FAB5-CF5F-455E-84DE-DCE95340DFAB}.Release|x64.Build.0 = Release|Any CPU
		{6DF3FAB5-CF5F-455E-84DE-DCE95340DFAB}.Release|x86.ActiveCfg = Release|Any CPU
		{6DF3FAB5-CF5F-455E-84DE-DCE95340DFAB}.Release|x86.Build.0 = Release|Any CPU
	EndGlobalSection
	GlobalSection(SolutionProperties) = preSolution
		HideSolutionNode = FALSE
	EndGlobalSection
	GlobalSection(NestedProjects) = preSolution
		{2AC20A46-3928-2638-2A2E-83B7FF2AF7AE} = {827E0CD3-B72D-47B6-A68D-7590B98EB39B}
		{9D54AB48-8C8C-423B-8D67-6F67F806D615} = {2AC20A46-3928-2638-2A2E-83B7FF2AF7AE}
		{547CA801-338D-4005-ACBA-B940B285DD46} = {2AC20A46-3928-2638-2A2E-83B7FF2AF7AE}
		{DF541D1E-7574-4D78-A145-EF64F9FA8900} = {2AC20A46-3928-2638-2A2E-83B7FF2AF7AE}
		{8A6D4BD3-0546-4016-8E78-DA36A8696629} = {2AC20A46-3928-2638-2A2E-83B7FF2AF7AE}
		{4D2A1957-4FDC-4F81-A924-00F33342B232} = {2AC20A46-3928-2638-2A2E-83B7FF2AF7AE}
		{BDFB6C16-EDD8-0555-093A-6E19D3269BE0} = {827E0CD3-B72D-47B6-A68D-7590B98EB39B}
		{937226C8-194D-46CA-8837-2E5A6E90A02E} = {BDFB6C16-EDD8-0555-093A-6E19D3269BE0}
		{F34E43FA-627A-8966-7BCB-0DBE3D5440B1} = {827E0CD3-B72D-47B6-A68D-7590B98EB39B}
		{B504718A-5598-403A-8D1A-1B04DC37F37D} = {F34E43FA-627A-8966-7BCB-0DBE3D5440B1}
		{0F4D2113-E05A-4E71-9C4B-6445A477138D} = {F34E43FA-627A-8966-7BCB-0DBE3D5440B1}
		{D86165FE-60E5-423E-A851-FF892B711577} = {F34E43FA-627A-8966-7BCB-0DBE3D5440B1}
		{B032529D-E764-487C-9681-6BC5566AF495} = {F34E43FA-627A-8966-7BCB-0DBE3D5440B1}
		{6DF3FAB5-CF5F-455E-84DE-DCE95340DFAB} = {F34E43FA-627A-8966-7BCB-0DBE3D5440B1}
	EndGlobalSection
EndGlobal
